
Microsoft Visual Studio Solution File, Format Version 12.00
# Visual Studio Version 16
VisualStudioVersion = 16.0.29020.237
MinimumVisualStudioVersion = 10.0.40219.1
Project("{9A19103F-16F7-4668-BE54-9A1E7A4F7556}") = "HJH.TEST.FIRST.WEB", "HJH.TEST.FIRST.WEB.csproj", "{3BF84B06-EB53-4A96-ACEC-5FFE5A2D1D68}"
EndProject
Project("{FAE04EC0-301F-11D3-BF4B-00C04F79EFBC}") = "HJH.TEST.FIRST.MODEL", "..\HJH.TEST.FIRST.MODEL\HJH.TEST.FIRST.MODEL.csproj", "{D4B07240-D592-436A-A08A-36536DDC3E05}"
EndProject
Global
	GlobalSection(SolutionConfigurationPlatforms) = preSolution
		Debug|Any CPU = Debug|Any CPU
		Release|Any CPU = Release|Any CPU
	EndGlobalSection
	GlobalSection(ProjectConfigurationPlatforms) = postSolution
		{3BF84B06-EB53-4A96-ACEC-5FFE5A2D1D68}.Debug|Any CPU.ActiveCfg = Debug|Any CPU
		{3BF84B06-EB53-4A96-ACEC-5FFE5A2D1D68}.Debug|Any CPU.Build.0 = Debug|Any CPU
		{3BF84B06-EB53-4A96-ACEC-5FFE5A2D1D68}.Release|Any CPU.ActiveCfg = Release|Any CPU
		{3BF84B06-EB53-4A96-ACEC-5FFE5A2D1D68}.Release|Any CPU.Build.0 = Release|Any CPU
		{D4B07240-D592-436A-A08A-36536DDC3E05}.Debug|Any CPU.ActiveCfg = Debug|Any CPU
		{D4B07240-D592-436A-A08A-36536DDC3E05}.Debug|Any CPU.Build.0 = Debug|Any CPU
		{D4B07240-D592-436A-A08A-36536DDC3E05}.Release|Any CPU.ActiveCfg = Release|Any CPU
		{D4B07240-D592-436A-A08A-36536DDC3E05}.Release|Any CPU.Build.0 = Release|Any CPU
	EndGlobalSection
	GlobalSection(SolutionProperties) = preSolution
		HideSolutionNode = FALSE
	EndGlobalSection
	GlobalSection(ExtensibilityGlobals) = postSolution
		SolutionGuid = {33E2B2D3-B2C5-461F-BD26-3DD10125C5C8}
	EndGlobalSection
EndGlobal
